
Microsoft Visual Studio Solution File, Format Version 12.00
# Visual Studio 2013
Project("{FAE04EC0-301F-11D3-BF4B-00C04F79EFBC}") = "UnityVS.Retaliation of Hope.CSharp", "UnityVS.Retaliation of Hope.CSharp.csproj", "{1E894589-F0BB-EB13-526E-5442C3C9C766}"
EndProject
Global
	GlobalSection(SolutionConfigurationPlatforms) = preSolution
		Debug|Any CPU = Debug|Any CPU
		Release|Any CPU = Release|Any CPU
	EndGlobalSection
	GlobalSection(ProjectConfigurationPlatforms) = postSolution
		{1E894589-F0BB-EB13-526E-5442C3C9C766}.Debug|Any CPU.ActiveCfg = Debug|Any CPU
		{1E894589-F0BB-EB13-526E-5442C3C9C766}.Debug|Any CPU.Build.0 = Debug|Any CPU
		{1E894589-F0BB-EB13-526E-5442C3C9C766}.Release|Any CPU.ActiveCfg = Release|Any CPU
		{1E894589-F0BB-EB13-526E-5442C3C9C766}.Release|Any CPU.Build.0 = Release|Any CPU
	EndGlobalSection
	GlobalSection(SolutionProperties) = preSolution
		HideSolutionNode = FALSE
	EndGlobalSection
EndGlobal
